
Microsoft Visual Studio Solution File, Format Version 12.00
# Visual Studio Version 16
VisualStudioVersion = 16.0.29411.108
MinimumVisualStudioVersion = 10.0.40219.1
Project("{FAE04EC0-301F-11D3-BF4B-00C04F79EFBC}") = "Agar", "Agar.csproj", "{6C902055-DD0C-4915-A0E3-7A0D1821409B}"
EndProject
Project("{FAE04EC0-301F-11D3-BF4B-00C04F79EFBC}") = "Tests", "..\Tests\Tests.csproj", "{6BE1F8CA-4CB1-4724-A5C5-CCF28CCD7983}"
EndProject
Global
	GlobalSection(SolutionConfigurationPlatforms) = preSolution
		Debug|Any CPU = Debug|Any CPU
		Release|Any CPU = Release|Any CPU
	EndGlobalSection
	GlobalSection(ProjectConfigurationPlatforms) = postSolution
		{6C902055-DD0C-4915-A0E3-7A0D1821409B}.Debug|Any CPU.ActiveCfg = Debug|Any CPU
		{6C902055-DD0C-4915-A0E3-7A0D1821409B}.Debug|Any CPU.Build.0 = Debug|Any CPU
		{6C902055-DD0C-4915-A0E3-7A0D1821409B}.Release|Any CPU.ActiveCfg = Release|Any CPU
		{6C902055-DD0C-4915-A0E3-7A0D1821409B}.Release|Any CPU.Build.0 = Release|Any CPU
		{6BE1F8CA-4CB1-4724-A5C5-CCF28CCD7983}.Debug|Any CPU.ActiveCfg = Debug|Any CPU
		{6BE1F8CA-4CB1-4724-A5C5-CCF28CCD7983}.Debug|Any CPU.Build.0 = Debug|Any CPU
		{6BE1F8CA-4CB1-4724-A5C5-CCF28CCD7983}.Release|Any CPU.ActiveCfg = Release|Any CPU
		{6BE1F8CA-4CB1-4724-A5C5-CCF28CCD7983}.Release|Any CPU.Build.0 = Release|Any CPU
	EndGlobalSection
	GlobalSection(SolutionProperties) = preSolution
		HideSolutionNode = FALSE
	EndGlobalSection
	GlobalSection(ExtensibilityGlobals) = postSolution
		SolutionGuid = {10E8A718-730D-428E-A420-3D998D241479}
	EndGlobalSection
EndGlobal
